# THIS IS AN AUTOGENERATED FILE. DO NOT EDIT THIS FILE DIRECTLY.
# yarn lockfile v1


"@babel/runtime@^7.23.9", "@babel/runtime@^7.25.6":
  version "7.25.7"
  resolved "https://registry.yarnpkg.com/@babel/runtime/-/runtime-7.25.7.tgz#7ffb53c37a8f247c8c4d335e89cdf16a2e0d0fb6"
  integrity sha512-FjoyLe754PMiYsFaN5C94ttGiOmBNYTf6pLr4xXHAT5uctHb092PBszndLDR5XA/jghQvn4n7JMHl7dmTgbm9w==
  dependencies:
    regenerator-runtime "^0.14.0"

"@mui/types@^7.2.15":
  version "7.2.18"
  resolved "https://registry.yarnpkg.com/@mui/types/-/types-7.2.18.tgz#4b6385ed2f7828ef344113cdc339d6fdf8e4bc23"
  integrity sha512-uvK9dWeyCJl/3ocVnTOS6nlji/Knj8/tVqVX03UVTpdmTJYu/s4jtDd9Kvv0nRGE0CUSNW1UYAci7PYypjealg==

"@mui/utils@^5.16.6":
  version "5.16.6"
  resolved "https://registry.yarnpkg.com/@mui/utils/-/utils-5.16.6.tgz#905875bbc58d3dcc24531c3314a6807aba22a711"
  integrity sha512-tWiQqlhxAt3KENNiSRL+DIn9H5xNVK6Jjf70x3PnfQPz1MPBdh7yyIcAyVBT9xiw7hP3SomRhPR7hzBMBCjqEA==
  dependencies:
    "@babel/runtime" "^7.23.9"
    "@mui/types" "^7.2.15"
    "@types/prop-types" "^15.7.12"
    clsx "^2.1.1"
    prop-types "^15.8.1"
    react-is "^18.3.1"

"@mui/x-data-grid@^7.19.0":
  version "7.19.0"
  resolved "https://registry.yarnpkg.com/@mui/x-data-grid/-/x-data-grid-7.19.0.tgz#5a240773bc9e0cea38c2efdcf3d0b7399640438e"
  integrity sha512-IcEkcTz8g7TIDxpe+x7ankAHoK5vCOKPYfnMtRD0HiJ1X7ZhK4VCCfpeVFS7v3DNy9qXYvwjDLQcI35W0hi3Og==
  dependencies:
    "@babel/runtime" "^7.25.6"
    "@mui/utils" "^5.16.6"
    "@mui/x-internals" "7.18.0"
    clsx "^2.1.1"
    prop-types "^15.8.1"
    reselect "^5.1.1"

"@mui/x-internals@7.18.0":
  version "7.18.0"
  resolved "https://registry.yarnpkg.com/@mui/x-internals/-/x-internals-7.18.0.tgz#f079968d4f7ea93e63be9faf6ba8558d6f12923b"
  integrity sha512-lzCHOWIR0cAIY1bGrWSprYerahbnH5C31ql/2OWCEjcngL2NAV1M6oKI2Vp4HheqzJ822c60UyWyapvyjSzY/A==
  dependencies:
    "@babel/runtime" "^7.25.6"
    "@mui/utils" "^5.16.6"

"@types/prop-types@^15.7.12":
  version "15.7.13"
  resolved "https://registry.yarnpkg.com/@types/prop-types/-/prop-types-15.7.13.tgz#2af91918ee12d9d32914feb13f5326658461b451"
  integrity sha512-hCZTSvwbzWGvhqxp/RqVqwU999pBf2vp7hzIjiYOsl8wqOmUxkQ6ddw1cV3l8811+kdUFus/q4d1Y3E3SyEifA==

clsx@^2.1.1:
  version "2.1.1"
  resolved "https://registry.yarnpkg.com/clsx/-/clsx-2.1.1.tgz#eed397c9fd8bd882bfb18deab7102049a2f32999"
  integrity sha512-eYm0QWBtUrBWZWG0d386OGAw16Z995PiOVo2B7bjWSbHedGl5e0ZWaq65kOGgUSNesEIDkB9ISbTg/JK9dhCZA==

"js-tokens@^3.0.0 || ^4.0.0":
  version "4.0.0"
  resolved "https://registry.yarnpkg.com/js-tokens/-/js-tokens-4.0.0.tgz#19203fb59991df98e3a287050d4647cdeaf32499"
  integrity sha512-RdJUflcE3cUzKiMqQgsCu06FPu9UdIJO0beYbPhHN4k6apgJtifcoCtT9bcxOpYBtpD2kCM6Sbzg4CausW/PKQ==

loose-envify@^1.4.0:
  version "1.4.0"
  resolved "https://registry.yarnpkg.com/loose-envify/-/loose-envify-1.4.0.tgz#71ee51fa7be4caec1a63839f7e682d8132d30caf"
  integrity sha512-lyuxPGr/Wfhrlem2CL/UcnUc1zcqKAImBDzukY7Y5F/yQiNdko6+fRLevlw1HgMySw7f611UIY408EtxRSoK3Q==
  dependencies:
    js-tokens "^3.0.0 || ^4.0.0"

object-assign@^4.1.1:
  version "4.1.1"
  resolved "https://registry.yarnpkg.com/object-assign/-/object-assign-4.1.1.tgz#2109adc7965887cfc05cbbd442cac8bfbb360863"
  integrity sha512-rJgTQnkUnH1sFw8yT6VSU3zD3sWmu6sZhIseY8VX+GRu3P6F7Fu+JNDoXfklElbLJSnc3FUQHVe4cU5hj+BcUg==

prop-types@^15.8.1:
  version "15.8.1"
  resolved "https://registry.yarnpkg.com/prop-types/-/prop-types-15.8.1.tgz#67d87bf1a694f48435cf332c24af10214a3140b5"
  integrity sha512-oj87CgZICdulUohogVAR7AjlC0327U4el4L6eAvOqCeudMDVU0NThNaV+b9Df4dXgSP1gXMTnPdhfe/2qDH5cg==
  dependencies:
    loose-envify "^1.4.0"
    object-assign "^4.1.1"
    react-is "^16.13.1"

react-is@^16.13.1:
  version "16.13.1"
  resolved "https://registry.yarnpkg.com/react-is/-/react-is-16.13.1.tgz#789729a4dc36de2999dc156dd6c1d9c18cea56a4"
  integrity sha512-24e6ynE2H+OKt4kqsOvNd8kBpV65zoxbA4BVsEOB3ARVWQki/DHzaUoC5KuON/BiccDaCCTZBuOcfZs70kR8bQ==

react-is@^18.3.1:
  version "18.3.1"
  resolved "https://registry.yarnpkg.com/react-is/-/react-is-18.3.1.tgz#e83557dc12eae63a99e003a46388b1dcbb44db7e"
  integrity sha512-/LLMVyas0ljjAtoYiPqYiL8VWXzUUdThrmU5+n20DZv+a+ClRoevUzw5JxU+Ieh5/c87ytoTBV9G1FiKfNJdmg==

regenerator-runtime@^0.14.0:
  version "0.14.1"
  resolved "https://registry.yarnpkg.com/regenerator-runtime/-/regenerator-runtime-0.14.1.tgz#356ade10263f685dda125100cd862c1db895327f"
  integrity sha512-dYnhHh0nJoMfnkZs6GmmhFknAGRrLznOu5nc9ML+EJxGvrx6H7teuevqVqCuPcPK//3eDrrjQhehXVx9cnkGdw==

reselect@^5.1.1:
  version "5.1.1"
  resolved "https://registry.yarnpkg.com/reselect/-/reselect-5.1.1.tgz#c766b1eb5d558291e5e550298adb0becc24bb72e"
  integrity sha512-K/BG6eIky/SBpzfHZv/dd+9JBFiS4SWV7FIujVyJRux6e45+73RaUHXLmIR1f7WOMaQ0U1km6qwklRQxpJJY0w==
